{
  "pins" : [
    {
      "identity" : "ios-design-system",
      "kind" : "remoteSourceControl",
      "location" : "https://github.com/gu7araujo/IOS-Design-System",
      "state" : {
        "branch" : "main",
        "revision" : "0c317e7c23c8276f983566a78374738c8c5ffd0d"
      }
    }
  ],
  "version" : 2
}
